PODS:
  - BaiduMapKit/Base (6.2.0)
  - BaiduMapKit/Map (6.2.0):
    - BaiduMapKit/Base
  - BaiduMapKit/Utils (6.2.0):
    - BaiduMapKit/Base
  - Flutter (1.0.0)
  - flutter_baidu_mapapi_base (2.0.0):
    - BaiduMapKit/Utils (= 6.2.0)
    - Flutter
  - flutter_baidu_mapapi_map (2.0.0):
    - BaiduMapKit/Map (= 6.2.0)
    - Flutter
    - flutter_baidu_mapapi_base
    - Masonry
  - Masonry (1.1.0)

DEPENDENCIES:
  - Flutter (from `Flutter`)
  - flutter_baidu_mapapi_base (from `.symlinks/plugins/flutter_baidu_mapapi_base/ios`)
  - flutter_baidu_mapapi_map (from `.symlinks/plugins/flutter_baidu_mapapi_map/ios`)

SPEC REPOS:
  trunk:
    - BaiduMapKit
    - Masonry

EXTERNAL SOURCES:
  Flutter:
    :path: Flutter
  flutter_baidu_mapapi_base:
    :path: ".symlinks/plugins/flutter_baidu_mapapi_base/ios"
  flutter_baidu_mapapi_map:
    :path: ".symlinks/plugins/flutter_baidu_mapapi_map/ios"

SPEC CHECKSUMS:
  BaiduMapKit: 907c6d9b74f66c3ff4741fc4b568ae0b339917f8
  Flutter: 434fef37c0980e73bb6479ef766c45957d4b510c
  flutter_baidu_mapapi_base: 90fddba11ec4435406a7211d6ee905b4311c31db
  flutter_baidu_mapapi_map: e5df96b11020f748a7b3c69c1bc580e9a726c12b
  Masonry: 678fab65091a9290e40e2832a55e7ab731aad201

PODFILE CHECKSUM: 8e679eca47255a8ca8067c4c67aab20e64cb974d

COCOAPODS: 1.10.1
